
Microsoft Visual Studio Solution File, Format Version 12.00
# Visual Studio 2017
Project("{FAE04EC0-301F-11D3-BF4B-00C04F79EFBC}") = "Blinker2", "Blinker2.csproj", "{3F8111C0-FAF4-F3A2-AF34-A14D3CC5CEE6}"
EndProject
Project("{FAE04EC0-301F-11D3-BF4B-00C04F79EFBC}") = "Blinker2.Plugins", "Blinker2.Plugins.csproj", "{AE34B5C3-5EC3-A317-798B-1BFD15A8E11F}"
EndProject
Project("{FAE04EC0-301F-11D3-BF4B-00C04F79EFBC}") = "Blinker2.Editor", "Blinker2.Editor.csproj", "{97CC70AA-3F12-A57E-E3B9-1071F7244247}"
EndProject
Global
	GlobalSection(SolutionConfigurationPlatforms) = preSolution
		Debug|Any CPU = Debug|Any CPU
		Release|Any CPU = Release|Any CPU
	EndGlobalSection
	GlobalSection(ProjectConfigurationPlatforms) = postSolution
		{3F8111C0-FAF4-F3A2-AF34-A14D3CC5CEE6}.Debug|Any CPU.ActiveCfg = Debug|Any CPU
		{3F8111C0-FAF4-F3A2-AF34-A14D3CC5CEE6}.Debug|Any CPU.Build.0 = Debug|Any CPU
		{3F8111C0-FAF4-F3A2-AF34-A14D3CC5CEE6}.Release|Any CPU.ActiveCfg = Release|Any CPU
		{3F8111C0-FAF4-F3A2-AF34-A14D3CC5CEE6}.Release|Any CPU.Build.0 = Release|Any CPU
		{AE34B5C3-5EC3-A317-798B-1BFD15A8E11F}.Debug|Any CPU.ActiveCfg = Debug|Any CPU
		{AE34B5C3-5EC3-A317-798B-1BFD15A8E11F}.Debug|Any CPU.Build.0 = Debug|Any CPU
		{AE34B5C3-5EC3-A317-798B-1BFD15A8E11F}.Release|Any CPU.ActiveCfg = Release|Any CPU
		{AE34B5C3-5EC3-A317-798B-1BFD15A8E11F}.Release|Any CPU.Build.0 = Release|Any CPU
		{97CC70AA-3F12-A57E-E3B9-1071F7244247}.Debug|Any CPU.ActiveCfg = Debug|Any CPU
		{97CC70AA-3F12-A57E-E3B9-1071F7244247}.Debug|Any CPU.Build.0 = Debug|Any CPU
		{97CC70AA-3F12-A57E-E3B9-1071F7244247}.Release|Any CPU.ActiveCfg = Release|Any CPU
		{97CC70AA-3F12-A57E-E3B9-1071F7244247}.Release|Any CPU.Build.0 = Release|Any CPU
	EndGlobalSection
	GlobalSection(SolutionProperties) = preSolution
		HideSolutionNode = FALSE
	EndGlobalSection
EndGlobal
